
Microsoft Visual Studio Solution File, Format Version 12.00
# Visual Studio Version 17
VisualStudioVersion = 17.7.34031.279
MinimumVisualStudioVersion = 10.0.40219.1
Project("{FAE04EC0-301F-11D3-BF4B-00C04F79EFBC}") = "MKR(Emilia)", "MKR(Emilia)\MKR(Emilia).csproj", "{3CD7ECCD-6F22-466D-B499-EC9A2C7FDFFC}"
EndProject
Global
	GlobalSection(SolutionConfigurationPlatforms) = preSolution
		Debug|Any CPU = Debug|Any CPU
		Release|Any CPU = Release|Any CPU
	EndGlobalSection
	GlobalSection(ProjectConfigurationPlatforms) = postSolution
		{3CD7ECCD-6F22-466D-B499-EC9A2C7FDFFC}.Debug|Any CPU.ActiveCfg = Debug|Any CPU
		{3CD7ECCD-6F22-466D-B499-EC9A2C7FDFFC}.Debug|Any CPU.Build.0 = Debug|Any CPU
		{3CD7ECCD-6F22-466D-B499-EC9A2C7FDFFC}.Release|Any CPU.ActiveCfg = Release|Any CPU
		{3CD7ECCD-6F22-466D-B499-EC9A2C7FDFFC}.Release|Any CPU.Build.0 = Release|Any CPU
	EndGlobalSection
	GlobalSection(SolutionProperties) = preSolution
		HideSolutionNode = FALSE
	EndGlobalSection
	GlobalSection(ExtensibilityGlobals) = postSolution
		SolutionGuid = {E4E4147D-7427-4E73-8B49-F9A11F77BBBD}
	EndGlobalSection
EndGlobal
